
Microsoft Visual Studio Solution File, Format Version 12.00
# Visual Studio 15
VisualStudioVersion = 15.0.28010.2026
MinimumVisualStudioVersion = 10.0.40219.1
Project("{9A19103F-16F7-4668-BE54-9A1E7A4F7556}") = "App", "App\App.csproj", "{9C36633C-97AE-4F0B-8285-09AC2873F920}"
EndProject
Project("{E53339B2-1760-4266-BCC7-CA923CBCF16C}") = "docker-compose", "docker-compose.dcproj", "{8C154C68-B6A5-4418-8969-0BDA93BB3303}"
EndProject
Project("{9A19103F-16F7-4668-BE54-9A1E7A4F7556}") = "Application", "Application\Application.csproj", "{20397F25-F2D1-4D79-A8FD-F033A49C4512}"
EndProject
Project("{9A19103F-16F7-4668-BE54-9A1E7A4F7556}") = "Application.Data", "Application.Data\Application.Data.csproj", "{3914D93E-ED6E-4853-A4F0-21CCB5127E5E}"
EndProject
Project("{9A19103F-16F7-4668-BE54-9A1E7A4F7556}") = "Application.Interfaces", "Application.Interfaces\Application.Interfaces.csproj", "{4DA06C56-7A73-4087-9DFB-05FA5950A6BF}"
EndProject
Project("{9A19103F-16F7-4668-BE54-9A1E7A4F7556}") = "Application.Services", "Application.Services\Application.Services.csproj", "{DB8F8693-5F3E-4EC5-BDC4-41FAB9D84DB6}"
EndProject
Project("{9A19103F-16F7-4668-BE54-9A1E7A4F7556}") = "Application.Dicom", "Application.Dicom\Application.Dicom.csproj", "{25912AC1-9D5A-4295-9A84-64EB0AA2C555}"
EndProject
Project("{9A19103F-16F7-4668-BE54-9A1E7A4F7556}") = "Application.Tests", "..\Application.Tests\Application.Tests.csproj", "{ABF1D72E-B92E-45AF-A6DA-D8C7663D788A}"
EndProject
Project("{FAE04EC0-301F-11D3-BF4B-00C04F79EFBC}") = "VolumeService", "VolumeService\VolumeService.csproj", "{EF7CD509-2D51-4ECA-B77A-D5BB5D62835C}"
EndProject
Global
	GlobalSection(SolutionConfigurationPlatforms) = preSolution
		Debug|Any CPU = Debug|Any CPU
		Debug|x64 = Debug|x64
		Release|Any CPU = Release|Any CPU
		Release|x64 = Release|x64
	EndGlobalSection
	GlobalSection(ProjectConfigurationPlatforms) = postSolution
		{9C36633C-97AE-4F0B-8285-09AC2873F920}.Debug|Any CPU.ActiveCfg = Debug|x64
		{9C36633C-97AE-4F0B-8285-09AC2873F920}.Debug|x64.ActiveCfg = Debug|x64
		{9C36633C-97AE-4F0B-8285-09AC2873F920}.Debug|x64.Build.0 = Debug|x64
		{9C36633C-97AE-4F0B-8285-09AC2873F920}.Release|Any CPU.ActiveCfg = Release|x64
		{9C36633C-97AE-4F0B-8285-09AC2873F920}.Release|x64.ActiveCfg = Release|x64
		{9C36633C-97AE-4F0B-8285-09AC2873F920}.Release|x64.Build.0 = Release|x64
		{8C154C68-B6A5-4418-8969-0BDA93BB3303}.Debug|Any CPU.ActiveCfg = Debug|Any CPU
		{8C154C68-B6A5-4418-8969-0BDA93BB3303}.Debug|Any CPU.Build.0 = Debug|Any CPU
		{8C154C68-B6A5-4418-8969-0BDA93BB3303}.Debug|x64.ActiveCfg = Debug|x64
		{8C154C68-B6A5-4418-8969-0BDA93BB3303}.Debug|x64.Build.0 = Debug|x64
		{8C154C68-B6A5-4418-8969-0BDA93BB3303}.Release|Any CPU.ActiveCfg = Release|Any CPU
		{8C154C68-B6A5-4418-8969-0BDA93BB3303}.Release|Any CPU.Build.0 = Release|Any CPU
		{8C154C68-B6A5-4418-8969-0BDA93BB3303}.Release|x64.ActiveCfg = Release|x64
		{8C154C68-B6A5-4418-8969-0BDA93BB3303}.Release|x64.Build.0 = Release|x64
		{20397F25-F2D1-4D79-A8FD-F033A49C4512}.Debug|Any CPU.ActiveCfg = Debug|Any CPU
		{20397F25-F2D1-4D79-A8FD-F033A49C4512}.Debug|Any CPU.Build.0 = Debug|Any CPU
		{20397F25-F2D1-4D79-A8FD-F033A49C4512}.Debug|x64.ActiveCfg = Debug|Any CPU
		{20397F25-F2D1-4D79-A8FD-F033A49C4512}.Debug|x64.Build.0 = Debug|Any CPU
		{20397F25-F2D1-4D79-A8FD-F033A49C4512}.Release|Any CPU.ActiveCfg = Release|Any CPU
		{20397F25-F2D1-4D79-A8FD-F033A49C4512}.Release|Any CPU.Build.0 = Release|Any CPU
		{20397F25-F2D1-4D79-A8FD-F033A49C4512}.Release|x64.ActiveCfg = Release|Any CPU
		{20397F25-F2D1-4D79-A8FD-F033A49C4512}.Release|x64.Build.0 = Release|Any CPU
		{3914D93E-ED6E-4853-A4F0-21CCB5127E5E}.Debug|Any CPU.ActiveCfg = Debug|Any CPU
		{3914D93E-ED6E-4853-A4F0-21CCB5127E5E}.Debug|Any CPU.Build.0 = Debug|Any CPU
		{3914D93E-ED6E-4853-A4F0-21CCB5127E5E}.Debug|x64.ActiveCfg = Debug|Any CPU
		{3914D93E-ED6E-4853-A4F0-21CCB5127E5E}.Debug|x64.Build.0 = Debug|Any CPU
		{3914D93E-ED6E-4853-A4F0-21CCB5127E5E}.Release|Any CPU.ActiveCfg = Release|Any CPU
		{3914D93E-ED6E-4853-A4F0-21CCB5127E5E}.Release|Any CPU.Build.0 = Release|Any CPU
		{3914D93E-ED6E-4853-A4F0-21CCB5127E5E}.Release|x64.ActiveCfg = Release|Any CPU
		{3914D93E-ED6E-4853-A4F0-21CCB5127E5E}.Release|x64.Build.0 = Release|Any CPU
		{4DA06C56-7A73-4087-9DFB-05FA5950A6BF}.Debug|Any CPU.ActiveCfg = Debug|Any CPU
		{4DA06C56-7A73-4087-9DFB-05FA5950A6BF}.Debug|Any CPU.Build.0 = Debug|Any CPU
		{4DA06C56-7A73-4087-9DFB-05FA5950A6BF}.Debug|x64.ActiveCfg = Debug|Any CPU
		{4DA06C56-7A73-4087-9DFB-05FA5950A6BF}.Debug|x64.Build.0 = Debug|Any CPU
		{4DA06C56-7A73-4087-9DFB-05FA5950A6BF}.Release|Any CPU.ActiveCfg = Release|Any CPU
		{4DA06C56-7A73-4087-9DFB-05FA5950A6BF}.Release|Any CPU.Build.0 = Release|Any CPU
		{4DA06C56-7A73-4087-9DFB-05FA5950A6BF}.Release|x64.ActiveCfg = Release|Any CPU
		{4DA06C56-7A73-4087-9DFB-05FA5950A6BF}.Release|x64.Build.0 = Release|Any CPU
		{DB8F8693-5F3E-4EC5-BDC4-41FAB9D84DB6}.Debug|Any CPU.ActiveCfg = Debug|Any CPU
		{DB8F8693-5F3E-4EC5-BDC4-41FAB9D84DB6}.Debug|Any CPU.Build.0 = Debug|Any CPU
		{DB8F8693-5F3E-4EC5-BDC4-41FAB9D84DB6}.Debug|x64.ActiveCfg = Debug|Any CPU
		{DB8F8693-5F3E-4EC5-BDC4-41FAB9D84DB6}.Debug|x64.Build.0 = Debug|Any CPU
		{DB8F8693-5F3E-4EC5-BDC4-41FAB9D84DB6}.Release|Any CPU.ActiveCfg = Release|Any CPU
		{DB8F8693-5F3E-4EC5-BDC4-41FAB9D84DB6}.Release|Any CPU.Build.0 = Release|Any CPU
		{DB8F8693-5F3E-4EC5-BDC4-41FAB9D84DB6}.Release|x64.ActiveCfg = Release|Any CPU
		{DB8F8693-5F3E-4EC5-BDC4-41FAB9D84DB6}.Release|x64.Build.0 = Release|Any CPU
		{25912AC1-9D5A-4295-9A84-64EB0AA2C555}.Debug|Any CPU.ActiveCfg = Debug|Any CPU
		{25912AC1-9D5A-4295-9A84-64EB0AA2C555}.Debug|Any CPU.Build.0 = Debug|Any CPU
		{25912AC1-9D5A-4295-9A84-64EB0AA2C555}.Debug|x64.ActiveCfg = Debug|Any CPU
		{25912AC1-9D5A-4295-9A84-64EB0AA2C555}.Debug|x64.Build.0 = Debug|Any CPU
		{25912AC1-9D5A-4295-9A84-64EB0AA2C555}.Release|Any CPU.ActiveCfg = Release|Any CPU
		{25912AC1-9D5A-4295-9A84-64EB0AA2C555}.Release|Any CPU.Build.0 = Release|Any CPU
		{25912AC1-9D5A-4295-9A84-64EB0AA2C555}.Release|x64.ActiveCfg = Release|Any CPU
		{25912AC1-9D5A-4295-9A84-64EB0AA2C555}.Release|x64.Build.0 = Release|Any CPU
		{ABF1D72E-B92E-45AF-A6DA-D8C7663D788A}.Debug|Any CPU.ActiveCfg = Debug|Any CPU
		{ABF1D72E-B92E-45AF-A6DA-D8C7663D788A}.Debug|Any CPU.Build.0 = Debug|Any CPU
		{ABF1D72E-B92E-45AF-A6DA-D8C7663D788A}.Debug|x64.ActiveCfg = Debug|Any CPU
		{ABF1D72E-B92E-45AF-A6DA-D8C7663D788A}.Debug|x64.Build.0 = Debug|Any CPU
		{ABF1D72E-B92E-45AF-A6DA-D8C7663D788A}.Release|Any CPU.ActiveCfg = Release|Any CPU
		{ABF1D72E-B92E-45AF-A6DA-D8C7663D788A}.Release|Any CPU.Build.0 = Release|Any CPU
		{ABF1D72E-B92E-45AF-A6DA-D8C7663D788A}.Release|x64.ActiveCfg = Release|Any CPU
		{ABF1D72E-B92E-45AF-A6DA-D8C7663D788A}.Release|x64.Build.0 = Release|Any CPU
		{EF7CD509-2D51-4ECA-B77A-D5BB5D62835C}.Debug|Any CPU.ActiveCfg = Debug|Any CPU
		{EF7CD509-2D51-4ECA-B77A-D5BB5D62835C}.Debug|Any CPU.Build.0 = Debug|Any CPU
		{EF7CD509-2D51-4ECA-B77A-D5BB5D62835C}.Debug|x64.ActiveCfg = Debug|Any CPU
		{EF7CD509-2D51-4ECA-B77A-D5BB5D62835C}.Debug|x64.Build.0 = Debug|Any CPU
		{EF7CD509-2D51-4ECA-B77A-D5BB5D62835C}.Release|Any CPU.ActiveCfg = Release|Any CPU
		{EF7CD509-2D51-4ECA-B77A-D5BB5D62835C}.Release|Any CPU.Build.0 = Release|Any CPU
		{EF7CD509-2D51-4ECA-B77A-D5BB5D62835C}.Release|x64.ActiveCfg = Release|Any CPU
		{EF7CD509-2D51-4ECA-B77A-D5BB5D62835C}.Release|x64.Build.0 = Release|Any CPU
	EndGlobalSection
	GlobalSection(SolutionProperties) = preSolution
		HideSolutionNode = FALSE
	EndGlobalSection
	GlobalSection(ExtensibilityGlobals) = postSolution
		SolutionGuid = {A3075A8D-B29A-4497-B718-06D19EFACDDA}
	EndGlobalSection
EndGlobal
